
Microsoft Visual Studio Solution File, Format Version 12.00
# Visual Studio Version 17
VisualStudioVersion = 17.8.34330.188
MinimumVisualStudioVersion = 10.0.40219.1
Project("{FAE04EC0-301F-11D3-BF4B-00C04F79EFBC}") = "Quatrimo", "Quatrimo\Quatrimo.csproj", "{BAE8845A-2250-47D3-8386-F6C931100C74}"
EndProject
Global
	GlobalSection(SolutionConfigurationPlatforms) = preSolution
		Debug|Any CPU = Debug|Any CPU
		Release|Any CPU = Release|Any CPU
	EndGlobalSection
	GlobalSection(ProjectConfigurationPlatforms) = postSolution
		{BAE8845A-2250-47D3-8386-F6C931100C74}.Debug|Any CPU.ActiveCfg = Debug|Any CPU
		{BAE8845A-2250-47D3-8386-F6C931100C74}.Debug|Any CPU.Build.0 = Debug|Any CPU
		{BAE8845A-2250-47D3-8386-F6C931100C74}.Release|Any CPU.ActiveCfg = Release|Any CPU
		{BAE8845A-2250-47D3-8386-F6C931100C74}.Release|Any CPU.Build.0 = Release|Any CPU
	EndGlobalSection
	GlobalSection(SolutionProperties) = preSolution
		HideSolutionNode = FALSE
	EndGlobalSection
	GlobalSection(ExtensibilityGlobals) = postSolution
		SolutionGuid = {5598A279-FAEE-4D02-8CBB-83E977831587}
	EndGlobalSection
EndGlobal
